<?xml version="1.0" encoding="utf-8"?>
<Project ToolsVersion="4.0" xmlns="http://schemas.microsoft.com/developer/msbuild/2003">
  <ItemGroup>
    <ClCompile Include="Animations.cpp" />
    <ClCompile Include="CastkeKeyEventHandler.cpp" />
    <ClCompile Include="CastlevaniaScreen.cpp" />
    <ClCompile Include="CBoard.cpp" />
    <ClCompile Include="CCode.cpp" />
    <ClCompile Include="Define.cpp" />
    <ClCompile Include="GameConfig.cpp" />
    <ClCompile Include="HidenObject.cpp" />
    <ClCompile Include="ItemDagger.cpp" />
    <ClCompile Include="ItemHeart.cpp" />
    <ClCompile Include="Item.cpp" />
    <ClCompile Include="ItemUpgrade.cpp" />
    <ClCompile Include="Loader.cpp" />
    <ClCompile Include="GameMap.cpp" />
    <ClCompile Include="Simon.cpp" />
    <ClCompile Include="Torch.cpp" />
    <ClCompile Include="Utils.cpp" />
    <ClCompile Include="Game.cpp" />
    <ClCompile Include="GameObject.cpp" />
    <ClCompile Include="main.cpp" />
    <ClCompile Include="Sprites.cpp" />
    <ClCompile Include="Textures.cpp" />
    <ClCompile Include="VampireKiller.cpp" />
    <ClCompile Include="Weapon.cpp" />
    <ClCompile Include="XML\tinystr.cpp" />
    <ClCompile Include="XML\tinyxml.cpp" />
    <ClCompile Include="XML\tinyxmlerror.cpp" />
    <ClCompile Include="XML\tinyxmlparser.cpp" />
    <ClCompile Include="Sound.cpp" />
    <ClCompile Include="DSutil.cpp" />
    <ClCompile Include="dxutil.cpp" />
  </ItemGroup>
  <ItemGroup>
    <ClInclude Include="Animations.h" />
    <ClInclude Include="CastkeKeyEventHandler.h" />
    <ClInclude Include="CastlevaniaScreen.h" />
    <ClInclude Include="CBoard.h" />
    <ClInclude Include="CCode.h" />
    <ClInclude Include="Define.h" />
    <ClInclude Include="GameConfig.h" />
    <ClInclude Include="HidenObject.h" />
    <ClInclude Include="ItemDagger.h" />
    <ClInclude Include="ItemHeart.h" />
    <ClInclude Include="Item.h" />
    <ClInclude Include="ItemUpgrade.h" />
    <ClInclude Include="Loader.h" />
    <ClInclude Include="GameMap.h" />
    <ClInclude Include="Simon.h" />
    <ClInclude Include="Torch.h" />
    <ClInclude Include="Utils.h" />
    <ClInclude Include="Game.h" />
    <ClInclude Include="GameObject.h" />
    <ClInclude Include="KeyEventHandler.h" />
    <ClInclude Include="Sprites.h" />
    <ClInclude Include="Textures.h" />
    <ClInclude Include="VampireKiller.h" />
    <ClInclude Include="Weapon.h" />
    <ClInclude Include="XML\tinystr.h" />
    <ClInclude Include="XML\tinyxml.h" />
    <ClInclude Include="Sound.h" />
    <ClInclude Include="DSutil.h" />
    <ClInclude Include="dxutil.h" />
  </ItemGroup>
  <ItemGroup>
    <Xml Include="Animations.xml" />
    <Xml Include="Sprites.xml" />
  </ItemGroup>
</Project>