<?xml version="1.0" encoding="utf-8"?>
<Project ToolsVersion="4.0" xmlns="http://schemas.microsoft.com/developer/msbuild/2003">
  <ItemGroup>
    <ClCompile Include="main.cpp" />
    <ClCompile Include="GameObject.cpp">
      <Filter>GameObject</Filter>
    </ClCompile>
    <ClCompile Include="Sprites.cpp">
      <Filter>TextureManagement</Filter>
    </ClCompile>
    <ClCompile Include="Animations.cpp">
      <Filter>TextureManagement</Filter>
    </ClCompile>
    <ClCompile Include="Game.cpp">
      <Filter>GameManagement</Filter>
    </ClCompile>
    <ClCompile Include="Textures.cpp">
      <Filter>TextureManagement</Filter>
    </ClCompile>
    <ClCompile Include="Utils.cpp">
      <Filter>Utils</Filter>
    </ClCompile>
    <ClCompile Include="XML\tinyxmlparser.cpp">
      <Filter>TextureManagement\XML</Filter>
    </ClCompile>
    <ClCompile Include="XML\tinyxmlerror.cpp">
      <Filter>TextureManagement\XML</Filter>
    </ClCompile>
    <ClCompile Include="XML\tinyxml.cpp">
      <Filter>TextureManagement\XML</Filter>
    </ClCompile>
    <ClCompile Include="XML\tinystr.cpp">
      <Filter>TextureManagement\XML</Filter>
    </ClCompile>
    <ClCompile Include="Loader.cpp">
      <Filter>Utils</Filter>
    </ClCompile>
    <ClCompile Include="CastlevaniaScreen.cpp">
      <Filter>GameManagement\Screen</Filter>
    </ClCompile>
    <ClCompile Include="GameMap.cpp">
      <Filter>GameManagement</Filter>
    </ClCompile>
    <ClCompile Include="Define.cpp">
      <Filter>Define</Filter>
    </ClCompile>
    <ClCompile Include="Simon.cpp">
      <Filter>GameObject\Character</Filter>
    </ClCompile>
    <ClCompile Include="Weapon.cpp">
      <Filter>GameObject\Weapon</Filter>
    </ClCompile>
    <ClCompile Include="VampireKiller.cpp">
      <Filter>GameObject\Weapon</Filter>
    </ClCompile>
    <ClCompile Include="CastkeKeyEventHandler.cpp">
      <Filter>GameManagement\GameControl</Filter>
    </ClCompile>
    <ClCompile Include="Torch.cpp">
      <Filter>GameObject\Object</Filter>
    </ClCompile>
    <ClCompile Include="Item.cpp">
      <Filter>GameObject\Object\Item</Filter>
    </ClCompile>
    <ClCompile Include="ItemHeart.cpp">
      <Filter>GameObject\Object\Item</Filter>
    </ClCompile>
    <ClCompile Include="ItemDagger.cpp">
      <Filter>GameObject\Object\Item</Filter>
    </ClCompile>
    <ClCompile Include="ItemUpgrade.cpp">
      <Filter>GameObject\Object\Item</Filter>
    </ClCompile>
    <ClCompile Include="GameConfig.cpp" />
    <ClCompile Include="HidenObject.cpp">
      <Filter>GameObject\Object</Filter>
    </ClCompile>
    <ClCompile Include="Brick.cpp">
      <Filter>GameObject\Object</Filter>
    </ClCompile>
    <ClCompile Include="Sound.cpp">
      <Filter>GameManagement\GameControl</Filter>
    </ClCompile>
    <ClCompile Include="DSutil.cpp">
      <Filter>Utils</Filter>
    </ClCompile>
    <ClCompile Include="dxutil.cpp">
      <Filter>Utils</Filter>
    </ClCompile>
    <ClCompile Include="Enemy.cpp">
      <Filter>GameObject\Enemy</Filter>
    </ClCompile>
    <ClCompile Include="Ghost.cpp">
      <Filter>GameObject\Enemy</Filter>
    </ClCompile>
    <ClCompile Include="ItemAxe.cpp">
      <Filter>GameObject\Object\Item</Filter>
    </ClCompile>
    <ClCompile Include="ItemBoongmerang.cpp">
      <Filter>GameObject\Object\Item</Filter>
    </ClCompile>
    <ClCompile Include="ItemHollyWatter.cpp">
      <Filter>GameObject\Object\Item</Filter>
    </ClCompile>
    <ClCompile Include="ItemII.cpp">
      <Filter>GameObject\Object\Item</Filter>
    </ClCompile>
    <ClCompile Include="ItemIII.cpp">
      <Filter>GameObject\Object\Item</Filter>
    </ClCompile>
    <ClCompile Include="ItemMoney.cpp">
      <Filter>GameObject\Object\Item</Filter>
    </ClCompile>
    <ClCompile Include="ItemSmallHeart.cpp">
      <Filter>GameObject\Object\Item</Filter>
    </ClCompile>
    <ClCompile Include="ItemVase.cpp">
      <Filter>GameObject\Object\Item</Filter>
    </ClCompile>
    <ClCompile Include="Candle.cpp">
      <Filter>GameObject\Object</Filter>
    </ClCompile>
    <ClCompile Include="CBoard.cpp">
      <Filter>GameManagement\GameBoard</Filter>
    </ClCompile>
    <ClCompile Include="CCode.cpp">
      <Filter>GameManagement\GameBoard</Filter>
    </ClCompile>
    <ClCompile Include="Axe.cpp">
      <Filter>GameObject\Weapon</Filter>
    </ClCompile>
    <ClCompile Include="Dagger.cpp">
      <Filter>GameObject\Weapon</Filter>
    </ClCompile>
  </ItemGroup>
  <ItemGroup>
    <ClInclude Include="GameObject.h">
      <Filter>GameObject</Filter>
    </ClInclude>
    <ClInclude Include="Sprites.h">
      <Filter>TextureManagement</Filter>
    </ClInclude>
    <ClInclude Include="Animations.h">
      <Filter>TextureManagement</Filter>
    </ClInclude>
    <ClInclude Include="Game.h">
      <Filter>GameManagement</Filter>
    </ClInclude>
    <ClInclude Include="Textures.h">
      <Filter>TextureManagement</Filter>
    </ClInclude>
    <ClInclude Include="Utils.h">
      <Filter>Utils</Filter>
    </ClInclude>
    <ClInclude Include="XML\tinyxml.h">
      <Filter>TextureManagement\XML</Filter>
    </ClInclude>
    <ClInclude Include="XML\tinystr.h">
      <Filter>TextureManagement\XML</Filter>
    </ClInclude>
    <ClInclude Include="Loader.h">
      <Filter>Utils</Filter>
    </ClInclude>
    <ClInclude Include="Define.h">
      <Filter>Define</Filter>
    </ClInclude>
    <ClInclude Include="CastlevaniaScreen.h">
      <Filter>GameManagement\Screen</Filter>
    </ClInclude>
    <ClInclude Include="GameMap.h">
      <Filter>GameManagement</Filter>
    </ClInclude>
    <ClInclude Include="Simon.h">
      <Filter>GameObject\Character</Filter>
    </ClInclude>
    <ClInclude Include="Weapon.h">
      <Filter>GameObject\Weapon</Filter>
    </ClInclude>
    <ClInclude Include="VampireKiller.h">
      <Filter>GameObject\Weapon</Filter>
    </ClInclude>
    <ClInclude Include="KeyEventHandler.h">
      <Filter>GameManagement\GameControl</Filter>
    </ClInclude>
    <ClInclude Include="CastkeKeyEventHandler.h">
      <Filter>GameManagement\GameControl</Filter>
    </ClInclude>
    <ClInclude Include="Torch.h">
      <Filter>GameObject\Object</Filter>
    </ClInclude>
    <ClInclude Include="Item.h">
      <Filter>GameObject\Object\Item</Filter>
    </ClInclude>
    <ClInclude Include="ItemHeart.h">
      <Filter>GameObject\Object\Item</Filter>
    </ClInclude>
    <ClInclude Include="ItemDagger.h">
      <Filter>GameObject\Object\Item</Filter>
    </ClInclude>
    <ClInclude Include="ItemUpgrade.h">
      <Filter>GameObject\Object\Item</Filter>
    </ClInclude>
    <ClInclude Include="GameConfig.h" />
    <ClInclude Include="HidenObject.h">
      <Filter>GameObject\Object</Filter>
    </ClInclude>
    <ClInclude Include="Brick.h">
      <Filter>GameObject\Object</Filter>
    </ClInclude>
    <ClInclude Include="Sound.h">
      <Filter>GameManagement\GameControl</Filter>
    </ClInclude>
    <ClInclude Include="DSutil.h">
      <Filter>Utils</Filter>
    </ClInclude>
    <ClInclude Include="dxutil.h">
      <Filter>Utils</Filter>
    </ClInclude>
    <ClInclude Include="Enemy.h">
      <Filter>GameObject\Enemy</Filter>
    </ClInclude>
    <ClInclude Include="Ghost.h">
      <Filter>GameObject\Enemy</Filter>
    </ClInclude>
    <ClInclude Include="ItemAxe.h">
      <Filter>GameObject\Object\Item</Filter>
    </ClInclude>
    <ClInclude Include="ItemBoongmerang.h">
      <Filter>GameObject\Object\Item</Filter>
    </ClInclude>
    <ClInclude Include="ItemHollyWatter.h">
      <Filter>GameObject\Object\Item</Filter>
    </ClInclude>
    <ClInclude Include="ItemII.h">
      <Filter>GameObject\Object\Item</Filter>
    </ClInclude>
    <ClInclude Include="ItemIII.h">
      <Filter>GameObject\Object\Item</Filter>
    </ClInclude>
    <ClInclude Include="ItemMoney.h">
      <Filter>GameObject\Object\Item</Filter>
    </ClInclude>
    <ClInclude Include="ItemSmallHeart.h">
      <Filter>GameObject\Object\Item</Filter>
    </ClInclude>
    <ClInclude Include="ItemVase.h">
      <Filter>GameObject\Object\Item</Filter>
    </ClInclude>
    <ClInclude Include="Candle.h">
      <Filter>GameObject\Object</Filter>
    </ClInclude>
    <ClInclude Include="CBoard.h">
      <Filter>GameManagement\GameBoard</Filter>
    </ClInclude>
    <ClInclude Include="CCode.h">
      <Filter>GameManagement\GameBoard</Filter>
    </ClInclude>
    <ClInclude Include="Axe.h">
      <Filter>GameObject\Weapon</Filter>
    </ClInclude>
    <ClInclude Include="Dagger.h">
      <Filter>GameObject\Weapon</Filter>
    </ClInclude>
  </ItemGroup>
  <ItemGroup>
    <Filter Include="GameObject">
      <UniqueIdentifier>{95e98e85-e540-4cdf-8b93-60e53977e260}</UniqueIdentifier>
    </Filter>
    <Filter Include="TextureManagement">
      <UniqueIdentifier>{bce6ddcc-f3f1-43de-a78a-985016bd83c5}</UniqueIdentifier>
    </Filter>
    <Filter Include="GameManagement">
      <UniqueIdentifier>{85e32d73-fe50-411f-995e-30a6dfe40e05}</UniqueIdentifier>
    </Filter>
    <Filter Include="GameObject\Character">
      <UniqueIdentifier>{7ebf5ca9-dc07-4c41-ac2d-4629dd37530a}</UniqueIdentifier>
    </Filter>
    <Filter Include="GameManagement\Screen">
      <UniqueIdentifier>{280feed5-66f8-4f82-8611-9c667d5ca5d8}</UniqueIdentifier>
    </Filter>
    <Filter Include="Utils">
      <UniqueIdentifier>{c062e021-5850-4548-a52e-37b194b396bd}</UniqueIdentifier>
    </Filter>
    <Filter Include="TextureManagement\XML">
      <UniqueIdentifier>{41d49b3e-3e9c-4668-8812-186e48d93206}</UniqueIdentifier>
    </Filter>
    <Filter Include="Define">
      <UniqueIdentifier>{a7f1e4f1-ae3a-45e7-84b4-d476b3abaa86}</UniqueIdentifier>
    </Filter>
    <Filter Include="GameObject\Weapon">
      <UniqueIdentifier>{759d4f2a-801a-44d2-9224-f789e632d908}</UniqueIdentifier>
    </Filter>
    <Filter Include="GameManagement\GameControl">
      <UniqueIdentifier>{e81352aa-dd83-45b5-a957-8463d370d981}</UniqueIdentifier>
    </Filter>
    <Filter Include="GameObject\Object">
      <UniqueIdentifier>{4755e79f-82d2-4450-973f-412761924a56}</UniqueIdentifier>
    </Filter>
    <Filter Include="GameObject\Object\Item">
      <UniqueIdentifier>{2e65d009-23b2-4603-8212-4521e25bd7e1}</UniqueIdentifier>
    </Filter>
    <Filter Include="GameObject\Enemy">
      <UniqueIdentifier>{57853135-9885-49c1-bc53-ffd96fb6d60e}</UniqueIdentifier>
    </Filter>
    <Filter Include="GameManagement\GameBoard">
      <UniqueIdentifier>{459ee5fc-1d02-43d5-9c60-de8d930894bd}</UniqueIdentifier>
    </Filter>
  </ItemGroup>
  <ItemGroup>
    <Xml Include="Animations.xml">
      <Filter>TextureManagement\XML</Filter>
    </Xml>
    <Xml Include="Sprites.xml">
      <Filter>TextureManagement\XML</Filter>
    </Xml>
  </ItemGroup>
</Project>